
Microsoft Visual Studio Solution File, Format Version 12.00
# Visual Studio Version 17
VisualStudioVersion = 17.8.34525.116
MinimumVisualStudioVersion = 10.0.40219.1
Project("{FAE04EC0-301F-11D3-BF4B-00C04F79EFBC}") = "TiendaWeb", "TiendaWeb.csproj", "{06021C0E-884A-4D4B-AC62-ED6805236ECC}"
EndProject
Global
	GlobalSection(SolutionConfigurationPlatforms) = preSolution
		Debug|Any CPU = Debug|Any CPU
		Release|Any CPU = Release|Any CPU
	EndGlobalSection
	GlobalSection(ProjectConfigurationPlatforms) = postSolution
		{06021C0E-884A-4D4B-AC62-ED6805236ECC}.Debug|Any CPU.ActiveCfg = Debug|Any CPU
		{06021C0E-884A-4D4B-AC62-ED6805236ECC}.Debug|Any CPU.Build.0 = Debug|Any CPU
		{06021C0E-884A-4D4B-AC62-ED6805236ECC}.Release|Any CPU.ActiveCfg = Release|Any CPU
		{06021C0E-884A-4D4B-AC62-ED6805236ECC}.Release|Any CPU.Build.0 = Release|Any CPU
	EndGlobalSection
	GlobalSection(SolutionProperties) = preSolution
		HideSolutionNode = FALSE
	EndGlobalSection
	GlobalSection(ExtensibilityGlobals) = postSolution
		SolutionGuid = {06EC4F93-B205-44C9-BA86-2A10BDE9B117}
	EndGlobalSection
EndGlobal
